
Microsoft Visual Studio Solution File, Format Version 12.00
# Visual Studio Version 17
VisualStudioVersion = 17.14.36109.1 d17.14
MinimumVisualStudioVersion = 10.0.40219.1
Project("{FAE04EC0-301F-11D3-BF4B-00C04F79EFBC}") = "OCRCompareAsposeLeadtools", "OCRCompareAsposeLeadtools\OCRCompareAsposeLeadtools.csproj", "{569E4421-A4F0-4CA6-9077-8AE17C3D3C62}"
EndProject
Global
	GlobalSection(SolutionConfigurationPlatforms) = preSolution
		Debug|Any CPU = Debug|Any CPU
		Release|Any CPU = Release|Any CPU
	EndGlobalSection
	GlobalSection(ProjectConfigurationPlatforms) = postSolution
		{569E4421-A4F0-4CA6-9077-8AE17C3D3C62}.Debug|Any CPU.ActiveCfg = Debug|Any CPU
		{569E4421-A4F0-4CA6-9077-8AE17C3D3C62}.Debug|Any CPU.Build.0 = Debug|Any CPU
		{569E4421-A4F0-4CA6-9077-8AE17C3D3C62}.Release|Any CPU.ActiveCfg = Release|Any CPU
		{569E4421-A4F0-4CA6-9077-8AE17C3D3C62}.Release|Any CPU.Build.0 = Release|Any CPU
	EndGlobalSection
	GlobalSection(SolutionProperties) = preSolution
		HideSolutionNode = FALSE
	EndGlobalSection
	GlobalSection(ExtensibilityGlobals) = postSolution
		SolutionGuid = {6D5C8186-1E67-4221-9EE9-7C3D5DF79AF4}
	EndGlobalSection
EndGlobal
